
Microsoft Visual Studio Solution File, Format Version 12.00
# Visual Studio 15
VisualStudioVersion = 15.0.27428.2027
MinimumVisualStudioVersion = 10.0.40219.1
Project("{FAE04EC0-301F-11D3-BF4B-00C04F79EFBC}") = "Test", "Test.csproj", "{22819335-5DAA-4E2C-BF39-48657B48EC52}"
EndProject
Project("{FAE04EC0-301F-11D3-BF4B-00C04F79EFBC}") = "Test.Core", "..\Test.Core\Test.Core.csproj", "{1BE2CF76-DE43-4E81-AAA7-03A86FFD9174}"
EndProject
Global
	GlobalSection(SolutionConfigurationPlatforms) = preSolution
		Debug|Any CPU = Debug|Any CPU
		Release|Any CPU = Release|Any CPU
	EndGlobalSection
	GlobalSection(ProjectConfigurationPlatforms) = postSolution
		{22819335-5DAA-4E2C-BF39-48657B48EC52}.Debug|Any CPU.ActiveCfg = Debug|Any CPU
		{22819335-5DAA-4E2C-BF39-48657B48EC52}.Debug|Any CPU.Build.0 = Debug|Any CPU
		{22819335-5DAA-4E2C-BF39-48657B48EC52}.Release|Any CPU.ActiveCfg = Release|Any CPU
		{22819335-5DAA-4E2C-BF39-48657B48EC52}.Release|Any CPU.Build.0 = Release|Any CPU
		{1BE2CF76-DE43-4E81-AAA7-03A86FFD9174}.Debug|Any CPU.ActiveCfg = Debug|Any CPU
		{1BE2CF76-DE43-4E81-AAA7-03A86FFD9174}.Debug|Any CPU.Build.0 = Debug|Any CPU
		{1BE2CF76-DE43-4E81-AAA7-03A86FFD9174}.Release|Any CPU.ActiveCfg = Release|Any CPU
		{1BE2CF76-DE43-4E81-AAA7-03A86FFD9174}.Release|Any CPU.Build.0 = Release|Any CPU
	EndGlobalSection
	GlobalSection(SolutionProperties) = preSolution
		HideSolutionNode = FALSE
	EndGlobalSection
	GlobalSection(ExtensibilityGlobals) = postSolution
		SolutionGuid = {A96AAC8E-6659-4A04-B54A-1DCF7167F0A1}
	EndGlobalSection
EndGlobal
